
Microsoft Visual Studio Solution File, Format Version 12.00
# Visual Studio Version 17
VisualStudioVersion = 17.11.35431.28
MinimumVisualStudioVersion = 10.0.40219.1
Project("{FAE04EC0-301F-11D3-BF4B-00C04F79EFBC}") = "CGeoIPModule", "CGeoIPModule.csproj", "{6FDF6411-6224-4CD7-A5E5-7F539DEF72CD}"
EndProject
Global
	GlobalSection(SolutionConfigurationPlatforms) = preSolution
		Debug|Any CPU = Debug|Any CPU
		Release|Any CPU = Release|Any CPU
	EndGlobalSection
	GlobalSection(ProjectConfigurationPlatforms) = postSolution
		{6FDF6411-6224-4CD7-A5E5-7F539DEF72CD}.Debug|Any CPU.ActiveCfg = Debug|Any CPU
		{6FDF6411-6224-4CD7-A5E5-7F539DEF72CD}.Debug|Any CPU.Build.0 = Debug|Any CPU
		{6FDF6411-6224-4CD7-A5E5-7F539DEF72CD}.Release|Any CPU.ActiveCfg = Release|Any CPU
		{6FDF6411-6224-4CD7-A5E5-7F539DEF72CD}.Release|Any CPU.Build.0 = Release|Any CPU
	EndGlobalSection
	GlobalSection(SolutionProperties) = preSolution
		HideSolutionNode = FALSE
	EndGlobalSection
	GlobalSection(ExtensibilityGlobals) = postSolution
		SolutionGuid = {A952315F-5582-4CA9-98CC-D95E05DADB9C}
	EndGlobalSection
EndGlobal
